
Microsoft Visual Studio Solution File, Format Version 12.00
# Visual Studio Version 17
VisualStudioVersion = 17.6.33712.159
MinimumVisualStudioVersion = 10.0.40219.1
Project("{FAE04EC0-301F-11D3-BF4B-00C04F79EFBC}") = "GSL", "GSL.csproj", "{47E942E4-BF33-41A0-9481-4600475E899C}"
EndProject
Global
	GlobalSection(SolutionConfigurationPlatforms) = preSolution
		Debug|Any CPU = Debug|Any CPU
		Release|Any CPU = Release|Any CPU
	EndGlobalSection
	GlobalSection(ProjectConfigurationPlatforms) = postSolution
		{47E942E4-BF33-41A0-9481-4600475E899C}.Debug|Any CPU.ActiveCfg = Debug|Any CPU
		{47E942E4-BF33-41A0-9481-4600475E899C}.Debug|Any CPU.Build.0 = Debug|Any CPU
		{47E942E4-BF33-41A0-9481-4600475E899C}.Release|Any CPU.ActiveCfg = Release|Any CPU
		{47E942E4-BF33-41A0-9481-4600475E899C}.Release|Any CPU.Build.0 = Release|Any CPU
	EndGlobalSection
	GlobalSection(SolutionProperties) = preSolution
		HideSolutionNode = FALSE
	EndGlobalSection
	GlobalSection(ExtensibilityGlobals) = postSolution
		SolutionGuid = {E1608843-E547-46EA-B45E-A10F644B65E3}
	EndGlobalSection
EndGlobal
